
Microsoft Visual Studio Solution File, Format Version 12.00
# Visual Studio Version 17
VisualStudioVersion = 17.10.35013.160
MinimumVisualStudioVersion = 10.0.40219.1
Project("{FAE04EC0-301F-11D3-BF4B-00C04F79EFBC}") = "WS-INNOTEC", "WS-INNOTEC\WS-INNOTEC.csproj", "{6A1302FE-5AE8-4EBF-A1BD-31045B46B305}"
EndProject
Project("{FAE04EC0-301F-11D3-BF4B-00C04F79EFBC}") = "BL", "BL\BL.csproj", "{BF558E2B-5932-4744-8665-A78A98970B68}"
EndProject
Project("{FAE04EC0-301F-11D3-BF4B-00C04F79EFBC}") = "DL", "DL\DL.csproj", "{FA89E420-7D0A-486F-AF8D-F0FD8AEC8653}"
EndProject
Global
	GlobalSection(SolutionConfigurationPlatforms) = preSolution
		Debug|Any CPU = Debug|Any CPU
		Release|Any CPU = Release|Any CPU
	EndGlobalSection
	GlobalSection(ProjectConfigurationPlatforms) = postSolution
		{6A1302FE-5AE8-4EBF-A1BD-31045B46B305}.Debug|Any CPU.ActiveCfg = Debug|Any CPU
		{6A1302FE-5AE8-4EBF-A1BD-31045B46B305}.Debug|Any CPU.Build.0 = Debug|Any CPU
		{6A1302FE-5AE8-4EBF-A1BD-31045B46B305}.Release|Any CPU.ActiveCfg = Release|Any CPU
		{6A1302FE-5AE8-4EBF-A1BD-31045B46B305}.Release|Any CPU.Build.0 = Release|Any CPU
		{BF558E2B-5932-4744-8665-A78A98970B68}.Debug|Any CPU.ActiveCfg = Debug|Any CPU
		{BF558E2B-5932-4744-8665-A78A98970B68}.Debug|Any CPU.Build.0 = Debug|Any CPU
		{BF558E2B-5932-4744-8665-A78A98970B68}.Release|Any CPU.ActiveCfg = Release|Any CPU
		{BF558E2B-5932-4744-8665-A78A98970B68}.Release|Any CPU.Build.0 = Release|Any CPU
		{FA89E420-7D0A-486F-AF8D-F0FD8AEC8653}.Debug|Any CPU.ActiveCfg = Debug|Any CPU
		{FA89E420-7D0A-486F-AF8D-F0FD8AEC8653}.Debug|Any CPU.Build.0 = Debug|Any CPU
		{FA89E420-7D0A-486F-AF8D-F0FD8AEC8653}.Release|Any CPU.ActiveCfg = Release|Any CPU
		{FA89E420-7D0A-486F-AF8D-F0FD8AEC8653}.Release|Any CPU.Build.0 = Release|Any CPU
	EndGlobalSection
	GlobalSection(SolutionProperties) = preSolution
		HideSolutionNode = FALSE
	EndGlobalSection
	GlobalSection(ExtensibilityGlobals) = postSolution
		SolutionGuid = {97F080EC-231D-40E4-A7A8-CB5E5B8B62DB}
	EndGlobalSection
EndGlobal
